{
  "name": "untitled",
  "lockfileVersion": 2,
  "requires": true,
  "packages": {
    "": {
      "name": "untitled",
      "dependencies": {
        "comment-core-library": "^0.11.1"
      }
    },
    "node_modules/comment-core-library": {
      "version": "0.11.1",
      "resolved": "https://registry.npmjs.org/comment-core-library/-/comment-core-library-0.11.1.tgz",
      "integrity": "sha512-EgUR2zZjAHJO6rue+7sTOy+kYdF2M9hALi+U0Dm4mzmyTYz/E82CPEsi17DMjnuOox0CbBoPUS/QzsXHFPnUWw=="
    }
  },
  "dependencies": {
    "comment-core-library": {
      "version": "0.11.1",
      "resolved": "https://registry.npmjs.org/comment-core-library/-/comment-core-library-0.11.1.tgz",
      "integrity": "sha512-EgUR2zZjAHJO6rue+7sTOy+kYdF2M9hALi+U0Dm4mzmyTYz/E82CPEsi17DMjnuOox0CbBoPUS/QzsXHFPnUWw=="
    }
  }
}
